
Microsoft Visual Studio Solution File, Format Version 12.00
# Visual Studio Version 16
VisualStudioVersion = 16.0.32510.428
MinimumVisualStudioVersion = 10.0.40219.1
Project("{FAE04EC0-301F-11D3-BF4B-00C04F79EFBC}") = "bos ornek", "bos ornek\bos ornek.csproj", "{F824A053-E05C-4ED0-BBFD-306EECDB23C9}"
EndProject
Project("{FAE04EC0-301F-11D3-BF4B-00C04F79EFBC}") = "bosornek2", "bosornek2\bosornek2.csproj", "{538C4637-AC27-4EBF-89FB-5F7BFB59C505}"
EndProject
Project("{FAE04EC0-301F-11D3-BF4B-00C04F79EFBC}") = "bosornek3", "bosornek3\bosornek3.csproj", "{1F41A89F-C1B5-44E3-99AB-084CEFEF2155}"
EndProject
Project("{FAE04EC0-301F-11D3-BF4B-00C04F79EFBC}") = "Matematik", "Matematik\Matematik.csproj", "{C6986FA9-A4CF-45BE-B41C-85A1BC6C6AEF}"
EndProject
Project("{FAE04EC0-301F-11D3-BF4B-00C04F79EFBC}") = "DegerVeReferanceTipler", "DegerVeReferanceTipler\DegerVeReferanceTipler.csproj", "{ABCAD226-01B2-4CFC-A251-657834EB8D8E}"
EndProject
Global
	GlobalSection(SolutionConfigurationPlatforms) = preSolution
		Debug|Any CPU = Debug|Any CPU
		Release|Any CPU = Release|Any CPU
	EndGlobalSection
	GlobalSection(ProjectConfigurationPlatforms) = postSolution
		{F824A053-E05C-4ED0-BBFD-306EECDB23C9}.Debug|Any CPU.ActiveCfg = Debug|Any CPU
		{F824A053-E05C-4ED0-BBFD-306EECDB23C9}.Debug|Any CPU.Build.0 = Debug|Any CPU
		{F824A053-E05C-4ED0-BBFD-306EECDB23C9}.Release|Any CPU.ActiveCfg = Release|Any CPU
		{F824A053-E05C-4ED0-BBFD-306EECDB23C9}.Release|Any CPU.Build.0 = Release|Any CPU
		{538C4637-AC27-4EBF-89FB-5F7BFB59C505}.Debug|Any CPU.ActiveCfg = Debug|Any CPU
		{538C4637-AC27-4EBF-89FB-5F7BFB59C505}.Debug|Any CPU.Build.0 = Debug|Any CPU
		{538C4637-AC27-4EBF-89FB-5F7BFB59C505}.Release|Any CPU.ActiveCfg = Release|Any CPU
		{538C4637-AC27-4EBF-89FB-5F7BFB59C505}.Release|Any CPU.Build.0 = Release|Any CPU
		{1F41A89F-C1B5-44E3-99AB-084CEFEF2155}.Debug|Any CPU.ActiveCfg = Debug|Any CPU
		{1F41A89F-C1B5-44E3-99AB-084CEFEF2155}.Debug|Any CPU.Build.0 = Debug|Any CPU
		{1F41A89F-C1B5-44E3-99AB-084CEFEF2155}.Release|Any CPU.ActiveCfg = Release|Any CPU
		{1F41A89F-C1B5-44E3-99AB-084CEFEF2155}.Release|Any CPU.Build.0 = Release|Any CPU
		{C6986FA9-A4CF-45BE-B41C-85A1BC6C6AEF}.Debug|Any CPU.ActiveCfg = Debug|Any CPU
		{C6986FA9-A4CF-45BE-B41C-85A1BC6C6AEF}.Debug|Any CPU.Build.0 = Debug|Any CPU
		{C6986FA9-A4CF-45BE-B41C-85A1BC6C6AEF}.Release|Any CPU.ActiveCfg = Release|Any CPU
		{C6986FA9-A4CF-45BE-B41C-85A1BC6C6AEF}.Release|Any CPU.Build.0 = Release|Any CPU
		{ABCAD226-01B2-4CFC-A251-657834EB8D8E}.Debug|Any CPU.ActiveCfg = Debug|Any CPU
		{ABCAD226-01B2-4CFC-A251-657834EB8D8E}.Debug|Any CPU.Build.0 = Debug|Any CPU
		{ABCAD226-01B2-4CFC-A251-657834EB8D8E}.Release|Any CPU.ActiveCfg = Release|Any CPU
		{ABCAD226-01B2-4CFC-A251-657834EB8D8E}.Release|Any CPU.Build.0 = Release|Any CPU
	EndGlobalSection
	GlobalSection(SolutionProperties) = preSolution
		HideSolutionNode = FALSE
	EndGlobalSection
	GlobalSection(ExtensibilityGlobals) = postSolution
		SolutionGuid = {010684C0-B753-4E05-8C06-5319E7FF73ED}
	EndGlobalSection
EndGlobal
